// !$*UTF8*$!
{
	archiveVersion = 1;
	classes = {
	};
	objectVersion = 42;
	objects = {

/* Begin PBXBuildStyle section */
		C94461A00C6D824B0019C71A /* Development */ = {
			isa = PBXBuildStyle;
			buildSettings = {
				COPY_PHASE_STRIP = NO;
			};
			name = Development;
		};
		C94461A10C6D824B0019C71A /* Deployment */ = {
			isa = PBXBuildStyle;
			buildSettings = {
				COPY_PHASE_STRIP = YES;
			};
			name = Deployment;
		};
/* End PBXBuildStyle section */

/* Begin PBXFileReference section */
		C906AF420C70454300950A7C /* README */ = {isa = PBXFileReference; fileEncoding = 4; lastKnownFileType = text; path = README; sourceTree = "<group>"; };
		C98B51770C6CF86B00AEADD4 /* Info.plist */ = {isa = PBXFileReference; fileEncoding = 30; lastKnownFileType = text.xml; path = Info.plist; sourceTree = "<group>"; };
		C98B51780C6CF86B00AEADD4 /* Makefile */ = {isa = PBXFileReference; fileEncoding = 30; lastKnownFileType = sourcecode.make; path = Makefile; sourceTree = "<group>"; };
		C98B51790C6CF86B00AEADD4 /* MobileFinder.m */ = {isa = PBXFileReference; fileEncoding = 30; lastKnownFileType = sourcecode.c.objc; path = MobileFinder.m; sourceTree = "<group>"; };
		C98B517A0C6CF86B00AEADD4 /* MobileFinderApp.h */ = {isa = PBXFileReference; fileEncoding = 30; lastKnownFileType = sourcecode.c.h; path = MobileFinderApp.h; sourceTree = "<group>"; };
		C98B517B0C6CF86B00AEADD4 /* MobileFinderApp.m */ = {isa = PBXFileReference; fileEncoding = 30; lastKnownFileType = sourcecode.c.objc; path = MobileFinderApp.m; sourceTree = "<group>"; };
		C9FF737E0C711BC7004FFDCE /* MobileFinderBrowser.h */ = {isa = PBXFileReference; fileEncoding = 4; lastKnownFileType = sourcecode.c.h; path = MobileFinderBrowser.h; sourceTree = "<group>"; };
		C9FF737F0C711BC7004FFDCE /* MobileFinderBrowser.m */ = {isa = PBXFileReference; fileEncoding = 4; lastKnownFileType = sourcecode.c.objc; path = MobileFinderBrowser.m; sourceTree = "<group>"; };
/* End PBXFileReference section */

/* Begin PBXGroup section */
		C98B51670C6CF84000AEADD4 = {
			isa = PBXGroup;
			children = (
				C98B51770C6CF86B00AEADD4 /* Info.plist */,
				C98B51780C6CF86B00AEADD4 /* Makefile */,
				C906AF420C70454300950A7C /* README */,
				C98B51790C6CF86B00AEADD4 /* MobileFinder.m */,
				C98B517A0C6CF86B00AEADD4 /* MobileFinderApp.h */,
				C98B517B0C6CF86B00AEADD4 /* MobileFinderApp.m */,
				C9FF737E0C711BC7004FFDCE /* MobileFinderBrowser.h */,
				C9FF737F0C711BC7004FFDCE /* MobileFinderBrowser.m */,
			);
			sourceTree = "<group>";
		};
/* End PBXGroup section */

/* Begin PBXProject section */
		C98B51690C6CF84000AEADD4 /* Project object */ = {
			isa = PBXProject;
			buildConfigurationList = C98B516A0C6CF84000AEADD4 /* Build configuration list for PBXProject "MobileFinder" */;
			buildSettings = {
			};
			buildStyles = (
				C94461A00C6D824B0019C71A /* Development */,
				C94461A10C6D824B0019C71A /* Deployment */,
			);
			hasScannedForEncodings = 0;
			mainGroup = C98B51670C6CF84000AEADD4;
			projectDirPath = "";
			targets = (
			);
		};
/* End PBXProject section */

/* Begin XCBuildConfiguration section */
		C98B516B0C6CF84000AEADD4 /* Debug */ = {
			isa = XCBuildConfiguration;
			buildSettings = {
				COPY_PHASE_STRIP = NO;
			};
			name = Debug;
		};
		C98B516C0C6CF84000AEADD4 /* Release */ = {
			isa = XCBuildConfiguration;
			buildSettings = {
				COPY_PHASE_STRIP = YES;
			};
			name = Release;
		};
/* End XCBuildConfiguration section */

/* Begin XCConfigurationList section */
		C98B516A0C6CF84000AEADD4 /* Build configuration list for PBXProject "MobileFinder" */ = {
			isa = XCConfigurationList;
			buildConfigurations = (
				C98B516B0C6CF84000AEADD4 /* Debug */,
				C98B516C0C6CF84000AEADD4 /* Release */,
			);
			defaultConfigurationIsVisible = 0;
			defaultConfigurationName = Release;
		};
/* End XCConfigurationList section */
	};
	rootObject = C98B51690C6CF84000AEADD4 /* Project object */;
}
